
Microsoft Visual Studio Solution File, Format Version 12.00
# Visual Studio Version 16
VisualStudioVersion = 16.0.30320.27
MinimumVisualStudioVersion = 10.0.40219.1
Project("{FAE04EC0-301F-11D3-BF4B-00C04F79EFBC}") = "NewMe", "NewMe\NewMe.csproj", "{903DB0B4-B5C6-4613-9901-C2F358E16E6D}"
EndProject
Global
	GlobalSection(SolutionConfigurationPlatforms) = preSolution
		Debug|Any CPU = Debug|Any CPU
		Release|Any CPU = Release|Any CPU
	EndGlobalSection
	GlobalSection(ProjectConfigurationPlatforms) = postSolution
		{903DB0B4-B5C6-4613-9901-C2F358E16E6D}.Debug|Any CPU.ActiveCfg = Debug|Any CPU
		{903DB0B4-B5C6-4613-9901-C2F358E16E6D}.Debug|Any CPU.Build.0 = Debug|Any CPU
		{903DB0B4-B5C6-4613-9901-C2F358E16E6D}.Release|Any CPU.ActiveCfg = Release|Any CPU
		{903DB0B4-B5C6-4613-9901-C2F358E16E6D}.Release|Any CPU.Build.0 = Release|Any CPU
	EndGlobalSection
	GlobalSection(SolutionProperties) = preSolution
		HideSolutionNode = FALSE
	EndGlobalSection
	GlobalSection(ExtensibilityGlobals) = postSolution
		SolutionGuid = {FC1F9BF9-87C5-463F-AADD-86042357BEDC}
	EndGlobalSection
EndGlobal
